
Microsoft Visual Studio Solution File, Format Version 12.00
# Visual Studio Version 17
VisualStudioVersion = 17.3.32819.101
MinimumVisualStudioVersion = 10.0.40219.1
Project("{FAE04EC0-301F-11D3-BF4B-00C04F79EFBC}") = "Arv", "Arv\Arv.csproj", "{AC3F09FA-839E-49F3-86DE-D6BB6ECEA57C}"
EndProject
Global
	GlobalSection(SolutionConfigurationPlatforms) = preSolution
		Debug|Any CPU = Debug|Any CPU
		Release|Any CPU = Release|Any CPU
	EndGlobalSection
	GlobalSection(ProjectConfigurationPlatforms) = postSolution
		{AC3F09FA-839E-49F3-86DE-D6BB6ECEA57C}.Debug|Any CPU.ActiveCfg = Debug|Any CPU
		{AC3F09FA-839E-49F3-86DE-D6BB6ECEA57C}.Debug|Any CPU.Build.0 = Debug|Any CPU
		{AC3F09FA-839E-49F3-86DE-D6BB6ECEA57C}.Release|Any CPU.ActiveCfg = Release|Any CPU
		{AC3F09FA-839E-49F3-86DE-D6BB6ECEA57C}.Release|Any CPU.Build.0 = Release|Any CPU
	EndGlobalSection
	GlobalSection(SolutionProperties) = preSolution
		HideSolutionNode = FALSE
	EndGlobalSection
	GlobalSection(ExtensibilityGlobals) = postSolution
		SolutionGuid = {48DF59C4-DE98-4D69-A3C7-AE393A373C99}
	EndGlobalSection
EndGlobal
